
Microsoft Visual Studio Solution File, Format Version 12.00
# Visual Studio 15
VisualStudioVersion = 15.0.28010.2041
MinimumVisualStudioVersion = 10.0.40219.1
Project("{2150E333-8FDC-42A3-9474-1A3956D46DE8}") = "01 kintamieji", "01 kintamieji", "{DBAA7F3C-DED2-4603-8E11-F004438BA50D}"
EndProject
Project("{2150E333-8FDC-42A3-9474-1A3956D46DE8}") = "02 isvedimas", "02 isvedimas", "{5616E7FB-B82B-4C89-82FE-37338242121E}"
EndProject
Project("{2150E333-8FDC-42A3-9474-1A3956D46DE8}") = "03 aritmetiniai veiksmai", "03 aritmetiniai veiksmai", "{FF557A62-6533-4A81-9639-5B4E0A76FCD9}"
EndProject
Project("{2150E333-8FDC-42A3-9474-1A3956D46DE8}") = "04 ivedimas", "04 ivedimas", "{CE02A40F-10D2-4337-A0A3-5CF437928491}"
EndProject
Project("{FAE04EC0-301F-11D3-BF4B-00C04F79EFBC}") = "1-1 uzduotis", "1-1 uzduotis\1-1 uzduotis.csproj", "{D2CAF2B2-525D-4737-BAA7-A4EF0359281D}"
EndProject
Project("{FAE04EC0-301F-11D3-BF4B-00C04F79EFBC}") = "1-2 uzduotis", "1-2 uzduotis\1-2 uzduotis.csproj", "{0C8A086D-5337-44FE-A8A9-C5312DCAEBBD}"
EndProject
Project("{FAE04EC0-301F-11D3-BF4B-00C04F79EFBC}") = "2-1 uzduotis", "2-1 uzduotis\2-1 uzduotis.csproj", "{FFDEED33-3BF2-4806-8151-85A761037385}"
EndProject
Project("{FAE04EC0-301F-11D3-BF4B-00C04F79EFBC}") = "2-2 uzduotis", "2-2 uzduotis\2-2 uzduotis.csproj", "{87E5AE78-056D-46C4-B2B9-760FD759B14F}"
EndProject
Project("{FAE04EC0-301F-11D3-BF4B-00C04F79EFBC}") = "2-3 uzduotis", "2-3 uzduotis\2-3 uzduotis.csproj", "{DC41709E-5314-4183-B15D-21DBB84DB334}"
EndProject
Project("{FAE04EC0-301F-11D3-BF4B-00C04F79EFBC}") = "2-4 uzduotis", "2-4 uzduotis\2-4 uzduotis.csproj", "{3574EB73-0CB3-407D-9CB9-E519FA53FA48}"
EndProject
Project("{FAE04EC0-301F-11D3-BF4B-00C04F79EFBC}") = "2-5 uzduotis", "2-5 uzduotis\2-5 uzduotis.csproj", "{1FBE9AD6-0E71-4EBA-B88A-685F9C41B5A6}"
EndProject
Project("{FAE04EC0-301F-11D3-BF4B-00C04F79EFBC}") = "2-6 uzduotis", "2-6 uzduotis\2-6 uzduotis.csproj", "{FA94DCE9-0EAE-4B9E-B030-8E84B13245DA}"
EndProject
Project("{FAE04EC0-301F-11D3-BF4B-00C04F79EFBC}") = "2-7 uzduotis", "2-7 uzduotis\2-7 uzduotis.csproj", "{207A73BF-A986-4575-9066-14AA5087B4DD}"
EndProject
Project("{FAE04EC0-301F-11D3-BF4B-00C04F79EFBC}") = "2-8 uzduotis", "2-8 uzduotis\2-8 uzduotis.csproj", "{63393754-C4E8-4763-A471-9CD4B4A2C6F0}"
EndProject
Project("{FAE04EC0-301F-11D3-BF4B-00C04F79EFBC}") = "2-9 uzduotis", "2-9 uzduotis\2-9 uzduotis.csproj", "{A8176AEA-BE6A-4ADA-BE95-2D29F5A51A5B}"
EndProject
Project("{FAE04EC0-301F-11D3-BF4B-00C04F79EFBC}") = "2-10 uzduotis", "2-10 uzduotis\2-10 uzduotis.csproj", "{DFFA23B3-F37F-4041-806F-9BCB12B47D7A}"
EndProject
Project("{FAE04EC0-301F-11D3-BF4B-00C04F79EFBC}") = "2-11 uzduotis", "2-11 uzduotis\2-11 uzduotis.csproj", "{A3C42E82-30ED-439F-8CE5-7F32FCBD9078}"
EndProject
Project("{FAE04EC0-301F-11D3-BF4B-00C04F79EFBC}") = "3-1 uzduotis", "3-1 uzduotis\3-1 uzduotis.csproj", "{2A9CD153-00FF-4098-A37A-B3B7D6C20EF2}"
EndProject
Project("{FAE04EC0-301F-11D3-BF4B-00C04F79EFBC}") = "3-2 uzduotis", "3-2 uzduotis\3-2 uzduotis.csproj", "{0918DF8B-B18E-41FD-9B1F-A66D97DE582B}"
EndProject
Project("{FAE04EC0-301F-11D3-BF4B-00C04F79EFBC}") = "3-3 uzduotis", "3-3 uzduotis\3-3 uzduotis.csproj", "{C1FC2ABB-081C-42AD-90BB-9E66F446EC97}"
EndProject
Project("{FAE04EC0-301F-11D3-BF4B-00C04F79EFBC}") = "3-4 uzduotis", "3-4 uzduotis\3-4 uzduotis.csproj", "{966A2FDD-F537-4C1E-85CC-CC53D17324A6}"
EndProject
Project("{FAE04EC0-301F-11D3-BF4B-00C04F79EFBC}") = "4-1 uzduotis", "4-1 uzduotis\4-1 uzduotis.csproj", "{1F88315B-AED0-4D02-A018-A53B15094ABF}"
EndProject
Project("{FAE04EC0-301F-11D3-BF4B-00C04F79EFBC}") = "4-2 uzduotis", "4-2 uzduotis\4-2 uzduotis.csproj", "{03D4E923-226B-4996-845B-DFB5764428DA}"
EndProject
Project("{FAE04EC0-301F-11D3-BF4B-00C04F79EFBC}") = "4-3 uzduotis", "4-3 uzduotis\4-3 uzduotis.csproj", "{7414A661-FC3D-42C4-87BD-AA593BAE84E9}"
EndProject
Project("{FAE04EC0-301F-11D3-BF4B-00C04F79EFBC}") = "4-4 uzduotis", "4-4 uzduotis\4-4 uzduotis.csproj", "{A584F91F-4598-4319-9152-FA9CF01275F4}"
EndProject
Project("{2150E333-8FDC-42A3-9474-1A3956D46DE8}") = "05 palyginimo salyga if", "05 palyginimo salyga if", "{64545174-0265-44A6-8A51-B0202145BD15}"
EndProject
Project("{FAE04EC0-301F-11D3-BF4B-00C04F79EFBC}") = "5-1 uzduotis", "5-1 uzduotis\5-1 uzduotis.csproj", "{E898646F-26F9-40FB-B87D-6C448BB8BFA6}"
EndProject
Project("{FAE04EC0-301F-11D3-BF4B-00C04F79EFBC}") = "5-2 uzduotis", "5-2 uzduotis\5-2 uzduotis.csproj", "{EA8F97F3-2B3A-479F-A0DE-8A367E3EF154}"
EndProject
Project("{FAE04EC0-301F-11D3-BF4B-00C04F79EFBC}") = "5-3 uzduotis", "5-3 uzduotis\5-3 uzduotis.csproj", "{3C2684D3-7BB7-4254-B1D5-3F30F26E02AC}"
EndProject
Project("{FAE04EC0-301F-11D3-BF4B-00C04F79EFBC}") = "4-5 uzduotis", "4-5 uzduotis\4-5 uzduotis.csproj", "{94EF98F6-7999-485A-A8D2-80E1CC618418}"
EndProject
Project("{FAE04EC0-301F-11D3-BF4B-00C04F79EFBC}") = "5-4 uzduotis", "5-4 uzduotis\5-4 uzduotis.csproj", "{654033E9-E51A-4843-80D4-57D13119D96E}"
EndProject
Project("{2150E333-8FDC-42A3-9474-1A3956D46DE8}") = "06 switch", "06 switch", "{73C24325-EEB7-4BC3-ABBA-1032D379AB36}"
EndProject
Project("{2150E333-8FDC-42A3-9474-1A3956D46DE8}") = "07 ciklas", "07 ciklas", "{52461748-4CF4-4041-8310-18C90A8795AA}"
EndProject
Project("{FAE04EC0-301F-11D3-BF4B-00C04F79EFBC}") = "6-1 uzduotis", "6-1 uzduotis\6-1 uzduotis.csproj", "{E32B4595-26A5-49E6-80E7-40E1CA04AC11}"
EndProject
Project("{FAE04EC0-301F-11D3-BF4B-00C04F79EFBC}") = "6-2 uzduotis", "6-2 uzduotis\6-2 uzduotis.csproj", "{FB29F1D0-F133-40AC-B8BB-EB2685FFAD7C}"
EndProject
Project("{FAE04EC0-301F-11D3-BF4B-00C04F79EFBC}") = "7-1 uzduotis", "7-1 uzduotis\7-1 uzduotis.csproj", "{DCC64F95-9E99-42C9-A1A3-B3868E0F414E}"
EndProject
Project("{FAE04EC0-301F-11D3-BF4B-00C04F79EFBC}") = "7-2 uzduotis", "7-2 uzduotis\7-2 uzduotis.csproj", "{18C704FF-F3E4-4FFA-9AE7-1C2DF633FD44}"
EndProject
Project("{FAE04EC0-301F-11D3-BF4B-00C04F79EFBC}") = "7-3 uzduotis", "7-3 uzduotis\7-3 uzduotis.csproj", "{F5FA1AB5-EDCA-473A-A0AD-222BDBF3745B}"
EndProject
Project("{FAE04EC0-301F-11D3-BF4B-00C04F79EFBC}") = "7-4 uzduotis", "7-4 uzduotis\7-4 uzduotis.csproj", "{6727FAE4-67CE-4D2B-9516-74E0AD67AB5C}"
EndProject
Project("{FAE04EC0-301F-11D3-BF4B-00C04F79EFBC}") = "7-5 uzduotis", "7-5 uzduotis\7-5 uzduotis.csproj", "{F29706D8-B8CE-4D5D-9A9E-CE7B055DC495}"
EndProject
Project("{FAE04EC0-301F-11D3-BF4B-00C04F79EFBC}") = "7-6 uzduotis", "7-6 uzduotis\7-6 uzduotis.csproj", "{D7AA451E-05D5-4F45-9ECB-CFBBEC519E73}"
EndProject
Project("{FAE04EC0-301F-11D3-BF4B-00C04F79EFBC}") = "7-7 uzduotis", "7-7 uzduotis\7-7 uzduotis.csproj", "{7651C7B9-A886-42D6-AC96-9A9F938595D7}"
EndProject
Project("{2150E333-8FDC-42A3-9474-1A3956D46DE8}") = "08 ciklas while", "08 ciklas while", "{AA720BB1-6815-4D18-B7FD-E823504B56B4}"
EndProject
Project("{FAE04EC0-301F-11D3-BF4B-00C04F79EFBC}") = "8-1 uzduotis", "8-1 uzduotis\8-1 uzduotis.csproj", "{0ACB85DF-3EA8-421A-9CF6-16C2B6FE65DE}"
EndProject
Project("{FAE04EC0-301F-11D3-BF4B-00C04F79EFBC}") = "8-2 uzduotis", "8-2 uzduotis\8-2 uzduotis.csproj", "{85C3720F-5783-4E0D-8716-D656DFA01FE5}"
EndProject
Project("{2150E333-8FDC-42A3-9474-1A3956D46DE8}") = "09 viemaciai masyvai", "09 viemaciai masyvai", "{FC5A6F2D-C73B-4ACD-AFA9-4B778C2A17F0}"
EndProject
Project("{FAE04EC0-301F-11D3-BF4B-00C04F79EFBC}") = "9-1 uzduotis", "9-1 uzduotis\9-1 uzduotis.csproj", "{ABE8DC6B-C4FE-4B96-B760-1C858AD94987}"
EndProject
Project("{FAE04EC0-301F-11D3-BF4B-00C04F79EFBC}") = "9-2 uzduotis", "9-2 uzduotis\9-2 uzduotis.csproj", "{294F1AB7-AD94-47A0-9609-044B09865CB4}"
EndProject
Project("{FAE04EC0-301F-11D3-BF4B-00C04F79EFBC}") = "9-3 uzduotis", "9-3 uzduotis\9-3 uzduotis.csproj", "{6E5FFC79-E88E-46DD-B643-0A73239814EB}"
EndProject
Project("{FAE04EC0-301F-11D3-BF4B-00C04F79EFBC}") = "9-4 uzduotis", "9-4 uzduotis\9-4 uzduotis.csproj", "{ECDF0CAE-2369-4EF6-9C64-5F473C1FCC1F}"
EndProject
Project("{FAE04EC0-301F-11D3-BF4B-00C04F79EFBC}") = "9-5 uzduotis", "9-5 uzduotis\9-5 uzduotis.csproj", "{05E122C6-B533-4300-9667-0CB47B512D4D}"
EndProject
Project("{FAE04EC0-301F-11D3-BF4B-00C04F79EFBC}") = "9-6 uzduotis", "9-6 uzduotis\9-6 uzduotis.csproj", "{D91F3775-C117-4556-92D6-EECBBDC132AD}"
EndProject
Project("{2150E333-8FDC-42A3-9474-1A3956D46DE8}") = "tarpinis testas", "tarpinis testas", "{DB1536D5-5880-4146-BEFE-FA77FD871A78}"
EndProject
Project("{FAE04EC0-301F-11D3-BF4B-00C04F79EFBC}") = "1 uzduotis", "1 uzduotis\1 uzduotis.csproj", "{B1C3B08B-5B2A-4E38-ACFC-B499CB9EB45C}"
EndProject
Project("{2150E333-8FDC-42A3-9474-1A3956D46DE8}") = "10 list", "10 list", "{98D6319A-29E5-4A4F-BF3D-8DD68D16AA4D}"
EndProject
Project("{FAE04EC0-301F-11D3-BF4B-00C04F79EFBC}") = "10-1 uzduotis", "10-1 uzduotis\10-1 uzduotis.csproj", "{E532B658-E0CC-4780-8BCB-E04EDA8CEF3D}"
EndProject
Project("{2150E333-8FDC-42A3-9474-1A3956D46DE8}") = "11 metodai", "11 metodai", "{7ED237B6-3E0D-446E-9102-380B2BCAF9C7}"
EndProject
Project("{FAE04EC0-301F-11D3-BF4B-00C04F79EFBC}") = "11-1 uzduotis", "11-1 uzduotis\11-1 uzduotis.csproj", "{C1A9E222-FB5C-4A54-A73A-2E34BD5A0794}"
EndProject
Project("{FAE04EC0-301F-11D3-BF4B-00C04F79EFBC}") = "11-2 uzduotis", "11-2 uzduotis\11-2 uzduotis.csproj", "{66596D26-EF1B-4218-BBCA-1284BCEAC31A}"
EndProject
Project("{FAE04EC0-301F-11D3-BF4B-00C04F79EFBC}") = "11-3 uzduotis", "11-3 uzduotis\11-3 uzduotis.csproj", "{44BA68D1-16E0-418F-A2B3-9528F66694DE}"
EndProject
Project("{FAE04EC0-301F-11D3-BF4B-00C04F79EFBC}") = "11-4 uzduotis", "11-4 uzduotis\11-4 uzduotis.csproj", "{68F68981-B61D-41C6-9433-1027733E612E}"
EndProject
Project("{FAE04EC0-301F-11D3-BF4B-00C04F79EFBC}") = "11-5 uzduotis", "11-5 uzduotis\11-5 uzduotis.csproj", "{E4D3E5A8-D7E4-404D-AB06-481BC9D4BB62}"
EndProject
Project("{FAE04EC0-301F-11D3-BF4B-00C04F79EFBC}") = "11-6 uzduotis", "11-6 uzduotis\11-6 uzduotis.csproj", "{B66C3F3B-2CEC-487C-9127-091DFE3356AC}"
EndProject
Project("{FAE04EC0-301F-11D3-BF4B-00C04F79EFBC}") = "11-7 uzduotis", "11-7 uzduotis\11-7 uzduotis.csproj", "{5728469B-9272-4AD3-AB4F-B2D317C4F88F}"
EndProject
Project("{FAE04EC0-301F-11D3-BF4B-00C04F79EFBC}") = "11-8 uzduotis", "11-8 uzduotis\11-8 uzduotis.csproj", "{696CCA1A-A23C-4542-B810-86A81E19B76B}"
EndProject
Project("{FAE04EC0-301F-11D3-BF4B-00C04F79EFBC}") = "11-9 uzduotis", "11-9 uzduotis\11-9 uzduotis.csproj", "{D38E31B3-0468-42CF-914C-3B55CC444F6D}"
EndProject
Project("{FAE04EC0-301F-11D3-BF4B-00C04F79EFBC}") = "11-10 uzduotis", "11-10 uzduotis\11-10 uzduotis.csproj", "{1A072F4F-69C7-4557-8556-96D885416CB3}"
EndProject
Project("{2150E333-8FDC-42A3-9474-1A3956D46DE8}") = "12 klases", "12 klases", "{8ACE0CCE-CC26-4978-BCFF-03DC61B97ACE}"
EndProject
Project("{FAE04EC0-301F-11D3-BF4B-00C04F79EFBC}") = "12-1 uzduotis", "12-1 uzduotis\12-1 uzduotis.csproj", "{C1606487-C82F-47B6-9734-F9191CDED662}"
EndProject
Project("{FAE04EC0-301F-11D3-BF4B-00C04F79EFBC}") = "12-2 uzduotis", "12-2 uzduotis\12-2 uzduotis.csproj", "{76B8CC0B-2AB1-44E1-B2A6-ED504C142960}"
EndProject
Global
	GlobalSection(SolutionConfigurationPlatforms) = preSolution
		Debug|Any CPU = Debug|Any CPU
		Release|Any CPU = Release|Any CPU
	EndGlobalSection
	GlobalSection(ProjectConfigurationPlatforms) = postSolution
		{D2CAF2B2-525D-4737-BAA7-A4EF0359281D}.Debug|Any CPU.ActiveCfg = Debug|Any CPU
		{D2CAF2B2-525D-4737-BAA7-A4EF0359281D}.Debug|Any CPU.Build.0 = Debug|Any CPU
		{D2CAF2B2-525D-4737-BAA7-A4EF0359281D}.Release|Any CPU.ActiveCfg = Release|Any CPU
		{D2CAF2B2-525D-4737-BAA7-A4EF0359281D}.Release|Any CPU.Build.0 = Release|Any CPU
		{0C8A086D-5337-44FE-A8A9-C5312DCAEBBD}.Debug|Any CPU.ActiveCfg = Debug|Any CPU
		{0C8A086D-5337-44FE-A8A9-C5312DCAEBBD}.Debug|Any CPU.Build.0 = Debug|Any CPU
		{0C8A086D-5337-44FE-A8A9-C5312DCAEBBD}.Release|Any CPU.ActiveCfg = Release|Any CPU
		{0C8A086D-5337-44FE-A8A9-C5312DCAEBBD}.Release|Any CPU.Build.0 = Release|Any CPU
		{FFDEED33-3BF2-4806-8151-85A761037385}.Debug|Any CPU.ActiveCfg = Debug|Any CPU
		{FFDEED33-3BF2-4806-8151-85A761037385}.Debug|Any CPU.Build.0 = Debug|Any CPU
		{FFDEED33-3BF2-4806-8151-85A761037385}.Release|Any CPU.ActiveCfg = Release|Any CPU
		{FFDEED33-3BF2-4806-8151-85A761037385}.Release|Any CPU.Build.0 = Release|Any CPU
		{87E5AE78-056D-46C4-B2B9-760FD759B14F}.Debug|Any CPU.ActiveCfg = Debug|Any CPU
		{87E5AE78-056D-46C4-B2B9-760FD759B14F}.Debug|Any CPU.Build.0 = Debug|Any CPU
		{87E5AE78-056D-46C4-B2B9-760FD759B14F}.Release|Any CPU.ActiveCfg = Release|Any CPU
		{87E5AE78-056D-46C4-B2B9-760FD759B14F}.Release|Any CPU.Build.0 = Release|Any CPU
		{DC41709E-5314-4183-B15D-21DBB84DB334}.Debug|Any CPU.ActiveCfg = Debug|Any CPU
		{DC41709E-5314-4183-B15D-21DBB84DB334}.Debug|Any CPU.Build.0 = Debug|Any CPU
		{DC41709E-5314-4183-B15D-21DBB84DB334}.Release|Any CPU.ActiveCfg = Release|Any CPU
		{DC41709E-5314-4183-B15D-21DBB84DB334}.Release|Any CPU.Build.0 = Release|Any CPU
		{3574EB73-0CB3-407D-9CB9-E519FA53FA48}.Debug|Any CPU.ActiveCfg = Debug|Any CPU
		{3574EB73-0CB3-407D-9CB9-E519FA53FA48}.Debug|Any CPU.Build.0 = Debug|Any CPU
		{3574EB73-0CB3-407D-9CB9-E519FA53FA48}.Release|Any CPU.ActiveCfg = Release|Any CPU
		{3574EB73-0CB3-407D-9CB9-E519FA53FA48}.Release|Any CPU.Build.0 = Release|Any CPU
		{1FBE9AD6-0E71-4EBA-B88A-685F9C41B5A6}.Debug|Any CPU.ActiveCfg = Debug|Any CPU
		{1FBE9AD6-0E71-4EBA-B88A-685F9C41B5A6}.Debug|Any CPU.Build.0 = Debug|Any CPU
		{1FBE9AD6-0E71-4EBA-B88A-685F9C41B5A6}.Release|Any CPU.ActiveCfg = Release|Any CPU
		{1FBE9AD6-0E71-4EBA-B88A-685F9C41B5A6}.Release|Any CPU.Build.0 = Release|Any CPU
		{FA94DCE9-0EAE-4B9E-B030-8E84B13245DA}.Debug|Any CPU.ActiveCfg = Debug|Any CPU
		{FA94DCE9-0EAE-4B9E-B030-8E84B13245DA}.Debug|Any CPU.Build.0 = Debug|Any CPU
		{FA94DCE9-0EAE-4B9E-B030-8E84B13245DA}.Release|Any CPU.ActiveCfg = Release|Any CPU
		{FA94DCE9-0EAE-4B9E-B030-8E84B13245DA}.Release|Any CPU.Build.0 = Release|Any CPU
		{207A73BF-A986-4575-9066-14AA5087B4DD}.Debug|Any CPU.ActiveCfg = Debug|Any CPU
		{207A73BF-A986-4575-9066-14AA5087B4DD}.Debug|Any CPU.Build.0 = Debug|Any CPU
		{207A73BF-A986-4575-9066-14AA5087B4DD}.Release|Any CPU.ActiveCfg = Release|Any CPU
		{207A73BF-A986-4575-9066-14AA5087B4DD}.Release|Any CPU.Build.0 = Release|Any CPU
		{63393754-C4E8-4763-A471-9CD4B4A2C6F0}.Debug|Any CPU.ActiveCfg = Debug|Any CPU
		{63393754-C4E8-4763-A471-9CD4B4A2C6F0}.Debug|Any CPU.Build.0 = Debug|Any CPU
		{63393754-C4E8-4763-A471-9CD4B4A2C6F0}.Release|Any CPU.ActiveCfg = Release|Any CPU
		{63393754-C4E8-4763-A471-9CD4B4A2C6F0}.Release|Any CPU.Build.0 = Release|Any CPU
		{A8176AEA-BE6A-4ADA-BE95-2D29F5A51A5B}.Debug|Any CPU.ActiveCfg = Debug|Any CPU
		{A8176AEA-BE6A-4ADA-BE95-2D29F5A51A5B}.Debug|Any CPU.Build.0 = Debug|Any CPU
		{A8176AEA-BE6A-4ADA-BE95-2D29F5A51A5B}.Release|Any CPU.ActiveCfg = Release|Any CPU
		{A8176AEA-BE6A-4ADA-BE95-2D29F5A51A5B}.Release|Any CPU.Build.0 = Release|Any CPU
		{DFFA23B3-F37F-4041-806F-9BCB12B47D7A}.Debug|Any CPU.ActiveCfg = Debug|Any CPU
		{DFFA23B3-F37F-4041-806F-9BCB12B47D7A}.Debug|Any CPU.Build.0 = Debug|Any CPU
		{DFFA23B3-F37F-4041-806F-9BCB12B47D7A}.Release|Any CPU.ActiveCfg = Release|Any CPU
		{DFFA23B3-F37F-4041-806F-9BCB12B47D7A}.Release|Any CPU.Build.0 = Release|Any CPU
		{A3C42E82-30ED-439F-8CE5-7F32FCBD9078}.Debug|Any CPU.ActiveCfg = Debug|Any CPU
		{A3C42E82-30ED-439F-8CE5-7F32FCBD9078}.Debug|Any CPU.Build.0 = Debug|Any CPU
		{A3C42E82-30ED-439F-8CE5-7F32FCBD9078}.Release|Any CPU.ActiveCfg = Release|Any CPU
		{A3C42E82-30ED-439F-8CE5-7F32FCBD9078}.Release|Any CPU.Build.0 = Release|Any CPU
		{2A9CD153-00FF-4098-A37A-B3B7D6C20EF2}.Debug|Any CPU.ActiveCfg = Debug|Any CPU
		{2A9CD153-00FF-4098-A37A-B3B7D6C20EF2}.Debug|Any CPU.Build.0 = Debug|Any CPU
		{2A9CD153-00FF-4098-A37A-B3B7D6C20EF2}.Release|Any CPU.ActiveCfg = Release|Any CPU
		{2A9CD153-00FF-4098-A37A-B3B7D6C20EF2}.Release|Any CPU.Build.0 = Release|Any CPU
		{0918DF8B-B18E-41FD-9B1F-A66D97DE582B}.Debug|Any CPU.ActiveCfg = Debug|Any CPU
		{0918DF8B-B18E-41FD-9B1F-A66D97DE582B}.Debug|Any CPU.Build.0 = Debug|Any CPU
		{0918DF8B-B18E-41FD-9B1F-A66D97DE582B}.Release|Any CPU.ActiveCfg = Release|Any CPU
		{0918DF8B-B18E-41FD-9B1F-A66D97DE582B}.Release|Any CPU.Build.0 = Release|Any CPU
		{C1FC2ABB-081C-42AD-90BB-9E66F446EC97}.Debug|Any CPU.ActiveCfg = Debug|Any CPU
		{C1FC2ABB-081C-42AD-90BB-9E66F446EC97}.Debug|Any CPU.Build.0 = Debug|Any CPU
		{C1FC2ABB-081C-42AD-90BB-9E66F446EC97}.Release|Any CPU.ActiveCfg = Release|Any CPU
		{C1FC2ABB-081C-42AD-90BB-9E66F446EC97}.Release|Any CPU.Build.0 = Release|Any CPU
		{966A2FDD-F537-4C1E-85CC-CC53D17324A6}.Debug|Any CPU.ActiveCfg = Debug|Any CPU
		{966A2FDD-F537-4C1E-85CC-CC53D17324A6}.Debug|Any CPU.Build.0 = Debug|Any CPU
		{966A2FDD-F537-4C1E-85CC-CC53D17324A6}.Release|Any CPU.ActiveCfg = Release|Any CPU
		{966A2FDD-F537-4C1E-85CC-CC53D17324A6}.Release|Any CPU.Build.0 = Release|Any CPU
		{1F88315B-AED0-4D02-A018-A53B15094ABF}.Debug|Any CPU.ActiveCfg = Debug|Any CPU
		{1F88315B-AED0-4D02-A018-A53B15094ABF}.Debug|Any CPU.Build.0 = Debug|Any CPU
		{1F88315B-AED0-4D02-A018-A53B15094ABF}.Release|Any CPU.ActiveCfg = Release|Any CPU
		{1F88315B-AED0-4D02-A018-A53B15094ABF}.Release|Any CPU.Build.0 = Release|Any CPU
		{03D4E923-226B-4996-845B-DFB5764428DA}.Debug|Any CPU.ActiveCfg = Debug|Any CPU
		{03D4E923-226B-4996-845B-DFB5764428DA}.Debug|Any CPU.Build.0 = Debug|Any CPU
		{03D4E923-226B-4996-845B-DFB5764428DA}.Release|Any CPU.ActiveCfg = Release|Any CPU
		{03D4E923-226B-4996-845B-DFB5764428DA}.Release|Any CPU.Build.0 = Release|Any CPU
		{7414A661-FC3D-42C4-87BD-AA593BAE84E9}.Debug|Any CPU.ActiveCfg = Debug|Any CPU
		{7414A661-FC3D-42C4-87BD-AA593BAE84E9}.Debug|Any CPU.Build.0 = Debug|Any CPU
		{7414A661-FC3D-42C4-87BD-AA593BAE84E9}.Release|Any CPU.ActiveCfg = Release|Any CPU
		{7414A661-FC3D-42C4-87BD-AA593BAE84E9}.Release|Any CPU.Build.0 = Release|Any CPU
		{A584F91F-4598-4319-9152-FA9CF01275F4}.Debug|Any CPU.ActiveCfg = Debug|Any CPU
		{A584F91F-4598-4319-9152-FA9CF01275F4}.Debug|Any CPU.Build.0 = Debug|Any CPU
		{A584F91F-4598-4319-9152-FA9CF01275F4}.Release|Any CPU.ActiveCfg = Release|Any CPU
		{A584F91F-4598-4319-9152-FA9CF01275F4}.Release|Any CPU.Build.0 = Release|Any CPU
		{E898646F-26F9-40FB-B87D-6C448BB8BFA6}.Debug|Any CPU.ActiveCfg = Debug|Any CPU
		{E898646F-26F9-40FB-B87D-6C448BB8BFA6}.Debug|Any CPU.Build.0 = Debug|Any CPU
		{E898646F-26F9-40FB-B87D-6C448BB8BFA6}.Release|Any CPU.ActiveCfg = Release|Any CPU
		{E898646F-26F9-40FB-B87D-6C448BB8BFA6}.Release|Any CPU.Build.0 = Release|Any CPU
		{EA8F97F3-2B3A-479F-A0DE-8A367E3EF154}.Debug|Any CPU.ActiveCfg = Debug|Any CPU
		{EA8F97F3-2B3A-479F-A0DE-8A367E3EF154}.Debug|Any CPU.Build.0 = Debug|Any CPU
		{EA8F97F3-2B3A-479F-A0DE-8A367E3EF154}.Release|Any CPU.ActiveCfg = Release|Any CPU
		{EA8F97F3-2B3A-479F-A0DE-8A367E3EF154}.Release|Any CPU.Build.0 = Release|Any CPU
		{3C2684D3-7BB7-4254-B1D5-3F30F26E02AC}.Debug|Any CPU.ActiveCfg = Debug|Any CPU
		{3C2684D3-7BB7-4254-B1D5-3F30F26E02AC}.Debug|Any CPU.Build.0 = Debug|Any CPU
		{3C2684D3-7BB7-4254-B1D5-3F30F26E02AC}.Release|Any CPU.ActiveCfg = Release|Any CPU
		{3C2684D3-7BB7-4254-B1D5-3F30F26E02AC}.Release|Any CPU.Build.0 = Release|Any CPU
		{94EF98F6-7999-485A-A8D2-80E1CC618418}.Debug|Any CPU.ActiveCfg = Debug|Any CPU
		{94EF98F6-7999-485A-A8D2-80E1CC618418}.Debug|Any CPU.Build.0 = Debug|Any CPU
		{94EF98F6-7999-485A-A8D2-80E1CC618418}.Release|Any CPU.ActiveCfg = Release|Any CPU
		{94EF98F6-7999-485A-A8D2-80E1CC618418}.Release|Any CPU.Build.0 = Release|Any CPU
		{654033E9-E51A-4843-80D4-57D13119D96E}.Debug|Any CPU.ActiveCfg = Debug|Any CPU
		{654033E9-E51A-4843-80D4-57D13119D96E}.Debug|Any CPU.Build.0 = Debug|Any CPU
		{654033E9-E51A-4843-80D4-57D13119D96E}.Release|Any CPU.ActiveCfg = Release|Any CPU
		{654033E9-E51A-4843-80D4-57D13119D96E}.Release|Any CPU.Build.0 = Release|Any CPU
		{E32B4595-26A5-49E6-80E7-40E1CA04AC11}.Debug|Any CPU.ActiveCfg = Debug|Any CPU
		{E32B4595-26A5-49E6-80E7-40E1CA04AC11}.Debug|Any CPU.Build.0 = Debug|Any CPU
		{E32B4595-26A5-49E6-80E7-40E1CA04AC11}.Release|Any CPU.ActiveCfg = Release|Any CPU
		{E32B4595-26A5-49E6-80E7-40E1CA04AC11}.Release|Any CPU.Build.0 = Release|Any CPU
		{FB29F1D0-F133-40AC-B8BB-EB2685FFAD7C}.Debug|Any CPU.ActiveCfg = Debug|Any CPU
		{FB29F1D0-F133-40AC-B8BB-EB2685FFAD7C}.Debug|Any CPU.Build.0 = Debug|Any CPU
		{FB29F1D0-F133-40AC-B8BB-EB2685FFAD7C}.Release|Any CPU.ActiveCfg = Release|Any CPU
		{FB29F1D0-F133-40AC-B8BB-EB2685FFAD7C}.Release|Any CPU.Build.0 = Release|Any CPU
		{DCC64F95-9E99-42C9-A1A3-B3868E0F414E}.Debug|Any CPU.ActiveCfg = Debug|Any CPU
		{DCC64F95-9E99-42C9-A1A3-B3868E0F414E}.Debug|Any CPU.Build.0 = Debug|Any CPU
		{DCC64F95-9E99-42C9-A1A3-B3868E0F414E}.Release|Any CPU.ActiveCfg = Release|Any CPU
		{DCC64F95-9E99-42C9-A1A3-B3868E0F414E}.Release|Any CPU.Build.0 = Release|Any CPU
		{18C704FF-F3E4-4FFA-9AE7-1C2DF633FD44}.Debug|Any CPU.ActiveCfg = Debug|Any CPU
		{18C704FF-F3E4-4FFA-9AE7-1C2DF633FD44}.Debug|Any CPU.Build.0 = Debug|Any CPU
		{18C704FF-F3E4-4FFA-9AE7-1C2DF633FD44}.Release|Any CPU.ActiveCfg = Release|Any CPU
		{18C704FF-F3E4-4FFA-9AE7-1C2DF633FD44}.Release|Any CPU.Build.0 = Release|Any CPU
		{F5FA1AB5-EDCA-473A-A0AD-222BDBF3745B}.Debug|Any CPU.ActiveCfg = Debug|Any CPU
		{F5FA1AB5-EDCA-473A-A0AD-222BDBF3745B}.Debug|Any CPU.Build.0 = Debug|Any CPU
		{F5FA1AB5-EDCA-473A-A0AD-222BDBF3745B}.Release|Any CPU.ActiveCfg = Release|Any CPU
		{F5FA1AB5-EDCA-473A-A0AD-222BDBF3745B}.Release|Any CPU.Build.0 = Release|Any CPU
		{6727FAE4-67CE-4D2B-9516-74E0AD67AB5C}.Debug|Any CPU.ActiveCfg = Debug|Any CPU
		{6727FAE4-67CE-4D2B-9516-74E0AD67AB5C}.Debug|Any CPU.Build.0 = Debug|Any CPU
		{6727FAE4-67CE-4D2B-9516-74E0AD67AB5C}.Release|Any CPU.ActiveCfg = Release|Any CPU
		{6727FAE4-67CE-4D2B-9516-74E0AD67AB5C}.Release|Any CPU.Build.0 = Release|Any CPU
		{F29706D8-B8CE-4D5D-9A9E-CE7B055DC495}.Debug|Any CPU.ActiveCfg = Debug|Any CPU
		{F29706D8-B8CE-4D5D-9A9E-CE7B055DC495}.Debug|Any CPU.Build.0 = Debug|Any CPU
		{F29706D8-B8CE-4D5D-9A9E-CE7B055DC495}.Release|Any CPU.ActiveCfg = Release|Any CPU
		{F29706D8-B8CE-4D5D-9A9E-CE7B055DC495}.Release|Any CPU.Build.0 = Release|Any CPU
		{D7AA451E-05D5-4F45-9ECB-CFBBEC519E73}.Debug|Any CPU.ActiveCfg = Debug|Any CPU
		{D7AA451E-05D5-4F45-9ECB-CFBBEC519E73}.Debug|Any CPU.Build.0 = Debug|Any CPU
		{D7AA451E-05D5-4F45-9ECB-CFBBEC519E73}.Release|Any CPU.ActiveCfg = Release|Any CPU
		{D7AA451E-05D5-4F45-9ECB-CFBBEC519E73}.Release|Any CPU.Build.0 = Release|Any CPU
		{7651C7B9-A886-42D6-AC96-9A9F938595D7}.Debug|Any CPU.ActiveCfg = Debug|Any CPU
		{7651C7B9-A886-42D6-AC96-9A9F938595D7}.Debug|Any CPU.Build.0 = Debug|Any CPU
		{7651C7B9-A886-42D6-AC96-9A9F938595D7}.Release|Any CPU.ActiveCfg = Release|Any CPU
		{7651C7B9-A886-42D6-AC96-9A9F938595D7}.Release|Any CPU.Build.0 = Release|Any CPU
		{0ACB85DF-3EA8-421A-9CF6-16C2B6FE65DE}.Debug|Any CPU.ActiveCfg = Debug|Any CPU
		{0ACB85DF-3EA8-421A-9CF6-16C2B6FE65DE}.Debug|Any CPU.Build.0 = Debug|Any CPU
		{0ACB85DF-3EA8-421A-9CF6-16C2B6FE65DE}.Release|Any CPU.ActiveCfg = Release|Any CPU
		{0ACB85DF-3EA8-421A-9CF6-16C2B6FE65DE}.Release|Any CPU.Build.0 = Release|Any CPU
		{85C3720F-5783-4E0D-8716-D656DFA01FE5}.Debug|Any CPU.ActiveCfg = Debug|Any CPU
		{85C3720F-5783-4E0D-8716-D656DFA01FE5}.Debug|Any CPU.Build.0 = Debug|Any CPU
		{85C3720F-5783-4E0D-8716-D656DFA01FE5}.Release|Any CPU.ActiveCfg = Release|Any CPU
		{85C3720F-5783-4E0D-8716-D656DFA01FE5}.Release|Any CPU.Build.0 = Release|Any CPU
		{ABE8DC6B-C4FE-4B96-B760-1C858AD94987}.Debug|Any CPU.ActiveCfg = Debug|Any CPU
		{ABE8DC6B-C4FE-4B96-B760-1C858AD94987}.Debug|Any CPU.Build.0 = Debug|Any CPU
		{ABE8DC6B-C4FE-4B96-B760-1C858AD94987}.Release|Any CPU.ActiveCfg = Release|Any CPU
		{ABE8DC6B-C4FE-4B96-B760-1C858AD94987}.Release|Any CPU.Build.0 = Release|Any CPU
		{294F1AB7-AD94-47A0-9609-044B09865CB4}.Debug|Any CPU.ActiveCfg = Debug|Any CPU
		{294F1AB7-AD94-47A0-9609-044B09865CB4}.Debug|Any CPU.Build.0 = Debug|Any CPU
		{294F1AB7-AD94-47A0-9609-044B09865CB4}.Release|Any CPU.ActiveCfg = Release|Any CPU
		{294F1AB7-AD94-47A0-9609-044B09865CB4}.Release|Any CPU.Build.0 = Release|Any CPU
		{6E5FFC79-E88E-46DD-B643-0A73239814EB}.Debug|Any CPU.ActiveCfg = Debug|Any CPU
		{6E5FFC79-E88E-46DD-B643-0A73239814EB}.Debug|Any CPU.Build.0 = Debug|Any CPU
		{6E5FFC79-E88E-46DD-B643-0A73239814EB}.Release|Any CPU.ActiveCfg = Release|Any CPU
		{6E5FFC79-E88E-46DD-B643-0A73239814EB}.Release|Any CPU.Build.0 = Release|Any CPU
		{ECDF0CAE-2369-4EF6-9C64-5F473C1FCC1F}.Debug|Any CPU.ActiveCfg = Debug|Any CPU
		{ECDF0CAE-2369-4EF6-9C64-5F473C1FCC1F}.Debug|Any CPU.Build.0 = Debug|Any CPU
		{ECDF0CAE-2369-4EF6-9C64-5F473C1FCC1F}.Release|Any CPU.ActiveCfg = Release|Any CPU
		{ECDF0CAE-2369-4EF6-9C64-5F473C1FCC1F}.Release|Any CPU.Build.0 = Release|Any CPU
		{05E122C6-B533-4300-9667-0CB47B512D4D}.Debug|Any CPU.ActiveCfg = Debug|Any CPU
		{05E122C6-B533-4300-9667-0CB47B512D4D}.Debug|Any CPU.Build.0 = Debug|Any CPU
		{05E122C6-B533-4300-9667-0CB47B512D4D}.Release|Any CPU.ActiveCfg = Release|Any CPU
		{05E122C6-B533-4300-9667-0CB47B512D4D}.Release|Any CPU.Build.0 = Release|Any CPU
		{D91F3775-C117-4556-92D6-EECBBDC132AD}.Debug|Any CPU.ActiveCfg = Debug|Any CPU
		{D91F3775-C117-4556-92D6-EECBBDC132AD}.Debug|Any CPU.Build.0 = Debug|Any CPU
		{D91F3775-C117-4556-92D6-EECBBDC132AD}.Release|Any CPU.ActiveCfg = Release|Any CPU
		{D91F3775-C117-4556-92D6-EECBBDC132AD}.Release|Any CPU.Build.0 = Release|Any CPU
		{B1C3B08B-5B2A-4E38-ACFC-B499CB9EB45C}.Debug|Any CPU.ActiveCfg = Debug|Any CPU
		{B1C3B08B-5B2A-4E38-ACFC-B499CB9EB45C}.Debug|Any CPU.Build.0 = Debug|Any CPU
		{B1C3B08B-5B2A-4E38-ACFC-B499CB9EB45C}.Release|Any CPU.ActiveCfg = Release|Any CPU
		{B1C3B08B-5B2A-4E38-ACFC-B499CB9EB45C}.Release|Any CPU.Build.0 = Release|Any CPU
		{E532B658-E0CC-4780-8BCB-E04EDA8CEF3D}.Debug|Any CPU.ActiveCfg = Debug|Any CPU
		{E532B658-E0CC-4780-8BCB-E04EDA8CEF3D}.Debug|Any CPU.Build.0 = Debug|Any CPU
		{E532B658-E0CC-4780-8BCB-E04EDA8CEF3D}.Release|Any CPU.ActiveCfg = Release|Any CPU
		{E532B658-E0CC-4780-8BCB-E04EDA8CEF3D}.Release|Any CPU.Build.0 = Release|Any CPU
		{C1A9E222-FB5C-4A54-A73A-2E34BD5A0794}.Debug|Any CPU.ActiveCfg = Debug|Any CPU
		{C1A9E222-FB5C-4A54-A73A-2E34BD5A0794}.Debug|Any CPU.Build.0 = Debug|Any CPU
		{C1A9E222-FB5C-4A54-A73A-2E34BD5A0794}.Release|Any CPU.ActiveCfg = Release|Any CPU
		{C1A9E222-FB5C-4A54-A73A-2E34BD5A0794}.Release|Any CPU.Build.0 = Release|Any CPU
		{66596D26-EF1B-4218-BBCA-1284BCEAC31A}.Debug|Any CPU.ActiveCfg = Debug|Any CPU
		{66596D26-EF1B-4218-BBCA-1284BCEAC31A}.Debug|Any CPU.Build.0 = Debug|Any CPU
		{66596D26-EF1B-4218-BBCA-1284BCEAC31A}.Release|Any CPU.ActiveCfg = Release|Any CPU
		{66596D26-EF1B-4218-BBCA-1284BCEAC31A}.Release|Any CPU.Build.0 = Release|Any CPU
		{44BA68D1-16E0-418F-A2B3-9528F66694DE}.Debug|Any CPU.ActiveCfg = Debug|Any CPU
		{44BA68D1-16E0-418F-A2B3-9528F66694DE}.Debug|Any CPU.Build.0 = Debug|Any CPU
		{44BA68D1-16E0-418F-A2B3-9528F66694DE}.Release|Any CPU.ActiveCfg = Release|Any CPU
		{44BA68D1-16E0-418F-A2B3-9528F66694DE}.Release|Any CPU.Build.0 = Release|Any CPU
		{68F68981-B61D-41C6-9433-1027733E612E}.Debug|Any CPU.ActiveCfg = Debug|Any CPU
		{68F68981-B61D-41C6-9433-1027733E612E}.Debug|Any CPU.Build.0 = Debug|Any CPU
		{68F68981-B61D-41C6-9433-1027733E612E}.Release|Any CPU.ActiveCfg = Release|Any CPU
		{68F68981-B61D-41C6-9433-1027733E612E}.Release|Any CPU.Build.0 = Release|Any CPU
		{E4D3E5A8-D7E4-404D-AB06-481BC9D4BB62}.Debug|Any CPU.ActiveCfg = Debug|Any CPU
		{E4D3E5A8-D7E4-404D-AB06-481BC9D4BB62}.Debug|Any CPU.Build.0 = Debug|Any CPU
		{E4D3E5A8-D7E4-404D-AB06-481BC9D4BB62}.Release|Any CPU.ActiveCfg = Release|Any CPU
		{E4D3E5A8-D7E4-404D-AB06-481BC9D4BB62}.Release|Any CPU.Build.0 = Release|Any CPU
		{B66C3F3B-2CEC-487C-9127-091DFE3356AC}.Debug|Any CPU.ActiveCfg = Debug|Any CPU
		{B66C3F3B-2CEC-487C-9127-091DFE3356AC}.Debug|Any CPU.Build.0 = Debug|Any CPU
		{B66C3F3B-2CEC-487C-9127-091DFE3356AC}.Release|Any CPU.ActiveCfg = Release|Any CPU
		{B66C3F3B-2CEC-487C-9127-091DFE3356AC}.Release|Any CPU.Build.0 = Release|Any CPU
		{5728469B-9272-4AD3-AB4F-B2D317C4F88F}.Debug|Any CPU.ActiveCfg = Debug|Any CPU
		{5728469B-9272-4AD3-AB4F-B2D317C4F88F}.Debug|Any CPU.Build.0 = Debug|Any CPU
		{5728469B-9272-4AD3-AB4F-B2D317C4F88F}.Release|Any CPU.ActiveCfg = Release|Any CPU
		{5728469B-9272-4AD3-AB4F-B2D317C4F88F}.Release|Any CPU.Build.0 = Release|Any CPU
		{696CCA1A-A23C-4542-B810-86A81E19B76B}.Debug|Any CPU.ActiveCfg = Debug|Any CPU
		{696CCA1A-A23C-4542-B810-86A81E19B76B}.Debug|Any CPU.Build.0 = Debug|Any CPU
		{696CCA1A-A23C-4542-B810-86A81E19B76B}.Release|Any CPU.ActiveCfg = Release|Any CPU
		{696CCA1A-A23C-4542-B810-86A81E19B76B}.Release|Any CPU.Build.0 = Release|Any CPU
		{D38E31B3-0468-42CF-914C-3B55CC444F6D}.Debug|Any CPU.ActiveCfg = Debug|Any CPU
		{D38E31B3-0468-42CF-914C-3B55CC444F6D}.Debug|Any CPU.Build.0 = Debug|Any CPU
		{D38E31B3-0468-42CF-914C-3B55CC444F6D}.Release|Any CPU.ActiveCfg = Release|Any CPU
		{D38E31B3-0468-42CF-914C-3B55CC444F6D}.Release|Any CPU.Build.0 = Release|Any CPU
		{1A072F4F-69C7-4557-8556-96D885416CB3}.Debug|Any CPU.ActiveCfg = Debug|Any CPU
		{1A072F4F-69C7-4557-8556-96D885416CB3}.Debug|Any CPU.Build.0 = Debug|Any CPU
		{1A072F4F-69C7-4557-8556-96D885416CB3}.Release|Any CPU.ActiveCfg = Release|Any CPU
		{1A072F4F-69C7-4557-8556-96D885416CB3}.Release|Any CPU.Build.0 = Release|Any CPU
		{C1606487-C82F-47B6-9734-F9191CDED662}.Debug|Any CPU.ActiveCfg = Debug|Any CPU
		{C1606487-C82F-47B6-9734-F9191CDED662}.Debug|Any CPU.Build.0 = Debug|Any CPU
		{C1606487-C82F-47B6-9734-F9191CDED662}.Release|Any CPU.ActiveCfg = Release|Any CPU
		{C1606487-C82F-47B6-9734-F9191CDED662}.Release|Any CPU.Build.0 = Release|Any CPU
		{76B8CC0B-2AB1-44E1-B2A6-ED504C142960}.Debug|Any CPU.ActiveCfg = Debug|Any CPU
		{76B8CC0B-2AB1-44E1-B2A6-ED504C142960}.Debug|Any CPU.Build.0 = Debug|Any CPU
		{76B8CC0B-2AB1-44E1-B2A6-ED504C142960}.Release|Any CPU.ActiveCfg = Release|Any CPU
		{76B8CC0B-2AB1-44E1-B2A6-ED504C142960}.Release|Any CPU.Build.0 = Release|Any CPU
	EndGlobalSection
	GlobalSection(SolutionProperties) = preSolution
		HideSolutionNode = FALSE
	EndGlobalSection
	GlobalSection(NestedProjects) = preSolution
		{D2CAF2B2-525D-4737-BAA7-A4EF0359281D} = {DBAA7F3C-DED2-4603-8E11-F004438BA50D}
		{0C8A086D-5337-44FE-A8A9-C5312DCAEBBD} = {DBAA7F3C-DED2-4603-8E11-F004438BA50D}
		{FFDEED33-3BF2-4806-8151-85A761037385} = {5616E7FB-B82B-4C89-82FE-37338242121E}
		{87E5AE78-056D-46C4-B2B9-760FD759B14F} = {5616E7FB-B82B-4C89-82FE-37338242121E}
		{DC41709E-5314-4183-B15D-21DBB84DB334} = {5616E7FB-B82B-4C89-82FE-37338242121E}
		{3574EB73-0CB3-407D-9CB9-E519FA53FA48} = {5616E7FB-B82B-4C89-82FE-37338242121E}
		{1FBE9AD6-0E71-4EBA-B88A-685F9C41B5A6} = {5616E7FB-B82B-4C89-82FE-37338242121E}
		{FA94DCE9-0EAE-4B9E-B030-8E84B13245DA} = {5616E7FB-B82B-4C89-82FE-37338242121E}
		{207A73BF-A986-4575-9066-14AA5087B4DD} = {5616E7FB-B82B-4C89-82FE-37338242121E}
		{63393754-C4E8-4763-A471-9CD4B4A2C6F0} = {5616E7FB-B82B-4C89-82FE-37338242121E}
		{A8176AEA-BE6A-4ADA-BE95-2D29F5A51A5B} = {5616E7FB-B82B-4C89-82FE-37338242121E}
		{DFFA23B3-F37F-4041-806F-9BCB12B47D7A} = {5616E7FB-B82B-4C89-82FE-37338242121E}
		{A3C42E82-30ED-439F-8CE5-7F32FCBD9078} = {5616E7FB-B82B-4C89-82FE-37338242121E}
		{2A9CD153-00FF-4098-A37A-B3B7D6C20EF2} = {FF557A62-6533-4A81-9639-5B4E0A76FCD9}
		{0918DF8B-B18E-41FD-9B1F-A66D97DE582B} = {FF557A62-6533-4A81-9639-5B4E0A76FCD9}
		{C1FC2ABB-081C-42AD-90BB-9E66F446EC97} = {FF557A62-6533-4A81-9639-5B4E0A76FCD9}
		{966A2FDD-F537-4C1E-85CC-CC53D17324A6} = {FF557A62-6533-4A81-9639-5B4E0A76FCD9}
		{1F88315B-AED0-4D02-A018-A53B15094ABF} = {CE02A40F-10D2-4337-A0A3-5CF437928491}
		{03D4E923-226B-4996-845B-DFB5764428DA} = {CE02A40F-10D2-4337-A0A3-5CF437928491}
		{7414A661-FC3D-42C4-87BD-AA593BAE84E9} = {CE02A40F-10D2-4337-A0A3-5CF437928491}
		{A584F91F-4598-4319-9152-FA9CF01275F4} = {CE02A40F-10D2-4337-A0A3-5CF437928491}
		{E898646F-26F9-40FB-B87D-6C448BB8BFA6} = {64545174-0265-44A6-8A51-B0202145BD15}
		{EA8F97F3-2B3A-479F-A0DE-8A367E3EF154} = {64545174-0265-44A6-8A51-B0202145BD15}
		{3C2684D3-7BB7-4254-B1D5-3F30F26E02AC} = {64545174-0265-44A6-8A51-B0202145BD15}
		{94EF98F6-7999-485A-A8D2-80E1CC618418} = {CE02A40F-10D2-4337-A0A3-5CF437928491}
		{654033E9-E51A-4843-80D4-57D13119D96E} = {64545174-0265-44A6-8A51-B0202145BD15}
		{E32B4595-26A5-49E6-80E7-40E1CA04AC11} = {73C24325-EEB7-4BC3-ABBA-1032D379AB36}
		{FB29F1D0-F133-40AC-B8BB-EB2685FFAD7C} = {73C24325-EEB7-4BC3-ABBA-1032D379AB36}
		{DCC64F95-9E99-42C9-A1A3-B3868E0F414E} = {52461748-4CF4-4041-8310-18C90A8795AA}
		{18C704FF-F3E4-4FFA-9AE7-1C2DF633FD44} = {52461748-4CF4-4041-8310-18C90A8795AA}
		{F5FA1AB5-EDCA-473A-A0AD-222BDBF3745B} = {52461748-4CF4-4041-8310-18C90A8795AA}
		{6727FAE4-67CE-4D2B-9516-74E0AD67AB5C} = {52461748-4CF4-4041-8310-18C90A8795AA}
		{F29706D8-B8CE-4D5D-9A9E-CE7B055DC495} = {52461748-4CF4-4041-8310-18C90A8795AA}
		{D7AA451E-05D5-4F45-9ECB-CFBBEC519E73} = {52461748-4CF4-4041-8310-18C90A8795AA}
		{7651C7B9-A886-42D6-AC96-9A9F938595D7} = {52461748-4CF4-4041-8310-18C90A8795AA}
		{0ACB85DF-3EA8-421A-9CF6-16C2B6FE65DE} = {AA720BB1-6815-4D18-B7FD-E823504B56B4}
		{85C3720F-5783-4E0D-8716-D656DFA01FE5} = {AA720BB1-6815-4D18-B7FD-E823504B56B4}
		{ABE8DC6B-C4FE-4B96-B760-1C858AD94987} = {FC5A6F2D-C73B-4ACD-AFA9-4B778C2A17F0}
		{294F1AB7-AD94-47A0-9609-044B09865CB4} = {FC5A6F2D-C73B-4ACD-AFA9-4B778C2A17F0}
		{6E5FFC79-E88E-46DD-B643-0A73239814EB} = {FC5A6F2D-C73B-4ACD-AFA9-4B778C2A17F0}
		{ECDF0CAE-2369-4EF6-9C64-5F473C1FCC1F} = {FC5A6F2D-C73B-4ACD-AFA9-4B778C2A17F0}
		{05E122C6-B533-4300-9667-0CB47B512D4D} = {FC5A6F2D-C73B-4ACD-AFA9-4B778C2A17F0}
		{D91F3775-C117-4556-92D6-EECBBDC132AD} = {FC5A6F2D-C73B-4ACD-AFA9-4B778C2A17F0}
		{B1C3B08B-5B2A-4E38-ACFC-B499CB9EB45C} = {DB1536D5-5880-4146-BEFE-FA77FD871A78}
		{E532B658-E0CC-4780-8BCB-E04EDA8CEF3D} = {98D6319A-29E5-4A4F-BF3D-8DD68D16AA4D}
		{C1A9E222-FB5C-4A54-A73A-2E34BD5A0794} = {7ED237B6-3E0D-446E-9102-380B2BCAF9C7}
		{66596D26-EF1B-4218-BBCA-1284BCEAC31A} = {7ED237B6-3E0D-446E-9102-380B2BCAF9C7}
		{44BA68D1-16E0-418F-A2B3-9528F66694DE} = {7ED237B6-3E0D-446E-9102-380B2BCAF9C7}
		{68F68981-B61D-41C6-9433-1027733E612E} = {7ED237B6-3E0D-446E-9102-380B2BCAF9C7}
		{E4D3E5A8-D7E4-404D-AB06-481BC9D4BB62} = {7ED237B6-3E0D-446E-9102-380B2BCAF9C7}
		{B66C3F3B-2CEC-487C-9127-091DFE3356AC} = {7ED237B6-3E0D-446E-9102-380B2BCAF9C7}
		{5728469B-9272-4AD3-AB4F-B2D317C4F88F} = {7ED237B6-3E0D-446E-9102-380B2BCAF9C7}
		{696CCA1A-A23C-4542-B810-86A81E19B76B} = {7ED237B6-3E0D-446E-9102-380B2BCAF9C7}
		{D38E31B3-0468-42CF-914C-3B55CC444F6D} = {7ED237B6-3E0D-446E-9102-380B2BCAF9C7}
		{1A072F4F-69C7-4557-8556-96D885416CB3} = {7ED237B6-3E0D-446E-9102-380B2BCAF9C7}
		{C1606487-C82F-47B6-9734-F9191CDED662} = {8ACE0CCE-CC26-4978-BCFF-03DC61B97ACE}
		{76B8CC0B-2AB1-44E1-B2A6-ED504C142960} = {8ACE0CCE-CC26-4978-BCFF-03DC61B97ACE}
	EndGlobalSection
	GlobalSection(ExtensibilityGlobals) = postSolution
		SolutionGuid = {148C6F41-16F3-4D58-8E03-06711462867B}
	EndGlobalSection
EndGlobal
